
Microsoft Visual Studio Solution File, Format Version 12.00
# Visual Studio Version 17
VisualStudioVersion = 17.14.36518.9 d17.14
MinimumVisualStudioVersion = 10.0.40219.1
Project("{FAE04EC0-301F-11D3-BF4B-00C04F79EFBC}") = "ModelViewViewModelPattern", "ModelViewViewModelPattern\ModelViewViewModelPattern.csproj", "{AD74AEA3-92CB-4056-8880-2AF3B708F83A}"
EndProject
Global
	GlobalSection(SolutionConfigurationPlatforms) = preSolution
		Debug|Any CPU = Debug|Any CPU
		Release|Any CPU = Release|Any CPU
	EndGlobalSection
	GlobalSection(ProjectConfigurationPlatforms) = postSolution
		{AD74AEA3-92CB-4056-8880-2AF3B708F83A}.Debug|Any CPU.ActiveCfg = Debug|Any CPU
		{AD74AEA3-92CB-4056-8880-2AF3B708F83A}.Debug|Any CPU.Build.0 = Debug|Any CPU
		{AD74AEA3-92CB-4056-8880-2AF3B708F83A}.Release|Any CPU.ActiveCfg = Release|Any CPU
		{AD74AEA3-92CB-4056-8880-2AF3B708F83A}.Release|Any CPU.Build.0 = Release|Any CPU
	EndGlobalSection
	GlobalSection(SolutionProperties) = preSolution
		HideSolutionNode = FALSE
	EndGlobalSection
	GlobalSection(ExtensibilityGlobals) = postSolution
		SolutionGuid = {225B5D87-BA98-49A5-988A-AC908F3BCF94}
	EndGlobalSection
EndGlobal
